
Microsoft Visual Studio Solution File, Format Version 12.00
# Visual Studio 2015
Project("{FAE04EC0-301F-11D3-BF4B-00C04F79EFBC}") = "GlobalGamejam2017", "GlobalGamejam2017.csproj", "{5C31C4FB-77AA-0FCB-536A-5F6158A85F22}"
EndProject
Project("{FAE04EC0-301F-11D3-BF4B-00C04F79EFBC}") = "GlobalGamejam2017.Editor", "GlobalGamejam2017.Editor.csproj", "{B92685E8-52B0-B8C3-339A-65A949656481}"
EndProject
Global
	GlobalSection(SolutionConfigurationPlatforms) = preSolution
		Debug|Any CPU = Debug|Any CPU
		Release|Any CPU = Release|Any CPU
	EndGlobalSection
	GlobalSection(ProjectConfigurationPlatforms) = postSolution
		{5C31C4FB-77AA-0FCB-536A-5F6158A85F22}.Debug|Any CPU.ActiveCfg = Debug|Any CPU
		{5C31C4FB-77AA-0FCB-536A-5F6158A85F22}.Debug|Any CPU.Build.0 = Debug|Any CPU
		{5C31C4FB-77AA-0FCB-536A-5F6158A85F22}.Release|Any CPU.ActiveCfg = Release|Any CPU
		{5C31C4FB-77AA-0FCB-536A-5F6158A85F22}.Release|Any CPU.Build.0 = Release|Any CPU
		{B92685E8-52B0-B8C3-339A-65A949656481}.Debug|Any CPU.ActiveCfg = Debug|Any CPU
		{B92685E8-52B0-B8C3-339A-65A949656481}.Debug|Any CPU.Build.0 = Debug|Any CPU
		{B92685E8-52B0-B8C3-339A-65A949656481}.Release|Any CPU.ActiveCfg = Release|Any CPU
		{B92685E8-52B0-B8C3-339A-65A949656481}.Release|Any CPU.Build.0 = Release|Any CPU
	EndGlobalSection
	GlobalSection(SolutionProperties) = preSolution
		HideSolutionNode = FALSE
	EndGlobalSection
EndGlobal
